
Microsoft Visual Studio Solution File, Format Version 12.00
# Visual Studio 15
VisualStudioVersion = 15.0.27428.2015
MinimumVisualStudioVersion = 10.0.40219.1
Project("{FAE04EC0-301F-11D3-BF4B-00C04F79EFBC}") = "Question02", "Question02\Question02.csproj", "{A96A7483-6F1A-4943-B073-6057F67711D0}"
EndProject
Project("{FAE04EC0-301F-11D3-BF4B-00C04F79EFBC}") = "Question03", "Question03\Question03.csproj", "{67A2E4EC-3161-4DAB-9A4C-6EE9865A3D6E}"
EndProject
Project("{FAE04EC0-301F-11D3-BF4B-00C04F79EFBC}") = "Question04", "Question04\Question04.csproj", "{5C070F2B-4107-44BA-B20E-16F31A3F8D4B}"
EndProject
Project("{FAE04EC0-301F-11D3-BF4B-00C04F79EFBC}") = "Question05", "Question05\Question05.csproj", "{48C6722C-FDE6-42FD-886A-139AD6C67B96}"
EndProject
Project("{FAE04EC0-301F-11D3-BF4B-00C04F79EFBC}") = "Question06", "Question06\Question06.csproj", "{F84EFDAC-4B70-44D5-BBC3-7CC0EDD7BE3F}"
EndProject
Project("{FAE04EC0-301F-11D3-BF4B-00C04F79EFBC}") = "Question01", "Question01\Question01.csproj", "{BC9A22F6-7860-4265-84D4-90DCAFA77029}"
EndProject
Global
	GlobalSection(SolutionConfigurationPlatforms) = preSolution
		Debug|Any CPU = Debug|Any CPU
		Release|Any CPU = Release|Any CPU
	EndGlobalSection
	GlobalSection(ProjectConfigurationPlatforms) = postSolution
		{A96A7483-6F1A-4943-B073-6057F67711D0}.Debug|Any CPU.ActiveCfg = Debug|Any CPU
		{A96A7483-6F1A-4943-B073-6057F67711D0}.Debug|Any CPU.Build.0 = Debug|Any CPU
		{A96A7483-6F1A-4943-B073-6057F67711D0}.Release|Any CPU.ActiveCfg = Release|Any CPU
		{A96A7483-6F1A-4943-B073-6057F67711D0}.Release|Any CPU.Build.0 = Release|Any CPU
		{67A2E4EC-3161-4DAB-9A4C-6EE9865A3D6E}.Debug|Any CPU.ActiveCfg = Debug|Any CPU
		{67A2E4EC-3161-4DAB-9A4C-6EE9865A3D6E}.Debug|Any CPU.Build.0 = Debug|Any CPU
		{67A2E4EC-3161-4DAB-9A4C-6EE9865A3D6E}.Release|Any CPU.ActiveCfg = Release|Any CPU
		{67A2E4EC-3161-4DAB-9A4C-6EE9865A3D6E}.Release|Any CPU.Build.0 = Release|Any CPU
		{5C070F2B-4107-44BA-B20E-16F31A3F8D4B}.Debug|Any CPU.ActiveCfg = Debug|Any CPU
		{5C070F2B-4107-44BA-B20E-16F31A3F8D4B}.Debug|Any CPU.Build.0 = Debug|Any CPU
		{5C070F2B-4107-44BA-B20E-16F31A3F8D4B}.Release|Any CPU.ActiveCfg = Release|Any CPU
		{5C070F2B-4107-44BA-B20E-16F31A3F8D4B}.Release|Any CPU.Build.0 = Release|Any CPU
		{48C6722C-FDE6-42FD-886A-139AD6C67B96}.Debug|Any CPU.ActiveCfg = Debug|Any CPU
		{48C6722C-FDE6-42FD-886A-139AD6C67B96}.Debug|Any CPU.Build.0 = Debug|Any CPU
		{48C6722C-FDE6-42FD-886A-139AD6C67B96}.Release|Any CPU.ActiveCfg = Release|Any CPU
		{48C6722C-FDE6-42FD-886A-139AD6C67B96}.Release|Any CPU.Build.0 = Release|Any CPU
		{F84EFDAC-4B70-44D5-BBC3-7CC0EDD7BE3F}.Debug|Any CPU.ActiveCfg = Debug|Any CPU
		{F84EFDAC-4B70-44D5-BBC3-7CC0EDD7BE3F}.Debug|Any CPU.Build.0 = Debug|Any CPU
		{F84EFDAC-4B70-44D5-BBC3-7CC0EDD7BE3F}.Release|Any CPU.ActiveCfg = Release|Any CPU
		{F84EFDAC-4B70-44D5-BBC3-7CC0EDD7BE3F}.Release|Any CPU.Build.0 = Release|Any CPU
		{BC9A22F6-7860-4265-84D4-90DCAFA77029}.Debug|Any CPU.ActiveCfg = Debug|Any CPU
		{BC9A22F6-7860-4265-84D4-90DCAFA77029}.Debug|Any CPU.Build.0 = Debug|Any CPU
		{BC9A22F6-7860-4265-84D4-90DCAFA77029}.Release|Any CPU.ActiveCfg = Release|Any CPU
		{BC9A22F6-7860-4265-84D4-90DCAFA77029}.Release|Any CPU.Build.0 = Release|Any CPU
	EndGlobalSection
	GlobalSection(SolutionProperties) = preSolution
		HideSolutionNode = FALSE
	EndGlobalSection
	GlobalSection(ExtensibilityGlobals) = postSolution
		SolutionGuid = {70CA6174-7298-4EC2-9AAB-1346DC2BFFC5}
	EndGlobalSection
EndGlobal
